
Microsoft Visual Studio Solution File, Format Version 12.00
# Visual Studio 15
VisualStudioVersion = 15.0.27004.2005
MinimumVisualStudioVersion = 10.0.40219.1
Project("{FAE04EC0-301F-11D3-BF4B-00C04F79EFBC}") = "AuthenticationServer", "AuthenticationServer\AuthenticationServer.csproj", "{AC434673-CA50-4618-825E-1002E8BE84F3}"
EndProject
Global
	GlobalSection(SolutionConfigurationPlatforms) = preSolution
		Debug|Any CPU = Debug|Any CPU
		Release|Any CPU = Release|Any CPU
	EndGlobalSection
	GlobalSection(ProjectConfigurationPlatforms) = postSolution
		{AC434673-CA50-4618-825E-1002E8BE84F3}.Debug|Any CPU.ActiveCfg = Debug|Any CPU
		{AC434673-CA50-4618-825E-1002E8BE84F3}.Debug|Any CPU.Build.0 = Debug|Any CPU
		{AC434673-CA50-4618-825E-1002E8BE84F3}.Release|Any CPU.ActiveCfg = Release|Any CPU
		{AC434673-CA50-4618-825E-1002E8BE84F3}.Release|Any CPU.Build.0 = Release|Any CPU
	EndGlobalSection
	GlobalSection(SolutionProperties) = preSolution
		HideSolutionNode = FALSE
	EndGlobalSection
	GlobalSection(ExtensibilityGlobals) = postSolution
		SolutionGuid = {F028CE91-32AB-48AA-9A14-7189E04F4A90}
	EndGlobalSection
EndGlobal
